// !$*UTF8*$!
{
	archiveVersion = 1;
	classes = {
	};
	objectVersion = 50;
	objects = {

/* Begin PBXBuildFile section */
		A747F80F212BBC4C009DCBE0 /* AppDelegate.swift in Sources */ = {isa = PBXBuildFile; fileRef = A747F80E212BBC4C009DCBE0 /* AppDelegate.swift */; };
		A747F811212BBC4C009DCBE0 /* ViewController.swift in Sources */ = {isa = PBXBuildFile; fileRef = A747F810212BBC4C009DCBE0 /* ViewController.swift */; };
		A747F814212BBC4C009DCBE0 /* Main.storyboard in Resources */ = {isa = PBXBuildFile; fileRef = A747F812212BBC4C009DCBE0 /* Main.storyboard */; };
		A747F816212BBC50009DCBE0 /* Assets.xcassets in Resources */ = {isa = PBXBuildFile; fileRef = A747F815212BBC50009DCBE0 /* Assets.xcassets */; };
		A747F819212BBC50009DCBE0 /* LaunchScreen.storyboard in Resources */ = {isa = PBXBuildFile; fileRef = A747F817212BBC50009DCBE0 /* LaunchScreen.storyboard */; };
/* End PBXBuildFile section */

/* Begin PBXFileReference section */
		A747F80B212BBC4C009DCBE0 /* PruebaConsumoWS.app */ = {isa = PBXFileReference; explicitFileType = wrapper.application; includeInIndex = 0; path = PruebaConsumoWS.app; sourceTree = BUILT_PRODUCTS_DIR; };
		A747F80E212BBC4C009DCBE0 /* AppDelegate.swift */ = {isa = PBXFileReference; lastKnownFileType = sourcecode.swift; path = AppDelegate.swift; sourceTree = "<group>"; };
		A747F810212BBC4C009DCBE0 /* ViewController.swift */ = {isa = PBXFileReference; lastKnownFileType = sourcecode.swift; path = ViewController.swift; sourceTree = "<group>"; };
		A747F813212BBC4C009DCBE0 /* Base */ = {isa = PBXFileReference; lastKnownFileType = file.storyboard; name = Base; path = Base.lproj/Main.storyboard; sourceTree = "<group>"; };
		A747F815212BBC50009DCBE0 /* Assets.xcassets */ = {isa = PBXFileReference; lastKnownFileType = folder.assetcatalog; path = Assets.xcassets; sourceTree = "<group>"; };
		A747F818212BBC50009DCBE0 /* Base */ = {isa = PBXFileReference; lastKnownFileType = file.storyboard; name = Base; path = Base.lproj/LaunchScreen.storyboard; sourceTree = "<group>"; };
		A747F81A212BBC50009DCBE0 /* Info.plist */ = {isa = PBXFileReference; lastKnownFileType = text.plist.xml; path = Info.plist; sourceTree = "<group>"; };
/* End PBXFileReference section */

/* Begin PBXFrameworksBuildPhase section */
		A747F808212BBC4C009DCBE0 /* Frameworks */ = {
			isa = PBXFrameworksBuildPhase;
			buildActionMask = 2147483647;
			files = (
			);
			runOnlyForDeploymentPostprocessing = 0;
		};
/* End PBXFrameworksBuildPhase section */

/* Begin PBXGroup section */
		A747F802212BBC4C009DCBE0 = {
			isa = PBXGroup;
			children = (
				A747F80D212BBC4C009DCBE0 /* PruebaConsumoWS */,
				A747F80C212BBC4C009DCBE0 /* Products */,
			);
			sourceTree = "<group>";
		};
		A747F80C212BBC4C009DCBE0 /* Products */ = {
			isa = PBXGroup;
			children = (
				A747F80B212BBC4C009DCBE0 /* PruebaConsumoWS.app */,
			);
			name = Products;
			sourceTree = "<group>";
		};
		A747F80D212BBC4C009DCBE0 /* PruebaConsumoWS */ = {
			isa = PBXGroup;
			children = (
				A747F80E212BBC4C009DCBE0 /* AppDelegate.swift */,
				A747F810212BBC4C009DCBE0 /* ViewController.swift */,
				A747F812212BBC4C009DCBE0 /* Main.storyboard */,
				A747F815212BBC50009DCBE0 /* Assets.xcassets */,
				A747F817212BBC50009DCBE0 /* LaunchScreen.storyboard */,
				A747F81A212BBC50009DCBE0 /* Info.plist */,
			);
			path = PruebaConsumoWS;
			sourceTree = "<group>";
		};
/* End PBXGroup section */

/* Begin PBXNativeTarget section */
		A747F80A212BBC4C009DCBE0 /* PruebaConsumoWS */ = {
			isa = PBXNativeTarget;
			buildConfigurationList = A747F81D212BBC50009DCBE0 /* Build configuration list for PBXNativeTarget "PruebaConsumoWS" */;
			buildPhases = (
				A747F807212BBC4C009DCBE0 /* Sources */,
				A747F808212BBC4C009DCBE0 /* Frameworks */,
				A747F809212BBC4C009DCBE0 /* Resources */,
			);
			buildRules = (
			);
			dependencies = (
			);
			name = PruebaConsumoWS;
			productName = PruebaConsumoWS;
			productReference = A747F80B212BBC4C009DCBE0 /* PruebaConsumoWS.app */;
			productType = "com.apple.product-type.application";
		};
/* End PBXNativeTarget section */

/* Begin PBXProject section */
		A747F803212BBC4C009DCBE0 /* Project object */ = {
			isa = PBXProject;
			attributes = {
				LastSwiftUpdateCheck = 0940;
				LastUpgradeCheck = 0940;
				ORGANIZATIONNAME = "Erick Alberto Garcia Marquez";
				TargetAttributes = {
					A747F80A212BBC4C009DCBE0 = {
						CreatedOnToolsVersion = 9.4.1;
					};
				};
			};
			buildConfigurationList = A747F806212BBC4C009DCBE0 /* Build configuration list for PBXProject "PruebaConsumoWS" */;
			compatibilityVersion = "Xcode 9.3";
			developmentRegion = en;
			hasScannedForEncodings = 0;
			knownRegions = (
				en,
				Base,
			);
			mainGroup = A747F802212BBC4C009DCBE0;
			productRefGroup = A747F80C212BBC4C009DCBE0 /* Products */;
			projectDirPath = "";
			projectRoot = "";
			targets = (
				A747F80A212BBC4C009DCBE0 /* PruebaConsumoWS */,
			);
		};
/* End PBXProject section */

/* Begin PBXResourcesBuildPhase section */
		A747F809212BBC4C009DCBE0 /* Resources */ = {
			isa = PBXResourcesBuildPhase;
			buildActionMask = 2147483647;
			files = (
				A747F819212BBC50009DCBE0 /* LaunchScreen.storyboard in Resources */,
				A747F816212BBC50009DCBE0 /* Assets.xcassets in Resources */,
				A747F814212BBC4C009DCBE0 /* Main.storyboard in Resources */,
			);
			runOnlyForDeploymentPostprocessing = 0;
		};
/* End PBXResourcesBuildPhase section */

/* Begin PBXSourcesBuildPhase section */
		A747F807212BBC4C009DCBE0 /* Sources */ = {
			isa = PBXSourcesBuildPhase;
			buildActionMask = 2147483647;
			files = (
				A747F811212BBC4C009DCBE0 /* ViewController.swift in Sources */,
				A747F80F212BBC4C009DCBE0 /* AppDelegate.swift in Sources */,
			);
			runOnlyForDeploymentPostprocessing = 0;
		};
/* End PBXSourcesBuildPhase section */

/* Begin PBXVariantGroup section */
		A747F812212BBC4C009DCBE0 /* Main.storyboard */ = {
			isa = PBXVariantGroup;
			children = (
				A747F813212BBC4C009DCBE0 /* Base */,
			);
			name = Main.storyboard;
			sourceTree = "<group>";
		};
		A747F817212BBC50009DCBE0 /* LaunchScreen.storyboard */ = {
			isa = PBXVariantGroup;
			children = (
				A747F818212BBC50009DCBE0 /* Base */,
			);
			name = LaunchScreen.storyboard;
			sourceTree = "<group>";
		};
/* End PBXVariantGroup section */

/* Begin XCBuildConfiguration section */
		A747F81B212BBC50009DCBE0 /* Debug */ = {
			isa = XCBuildConfiguration;
			buildSettings = {
				ALWAYS_SEARCH_USER_PATHS = NO;
				CLANG_ANALYZER_NONNULL = YES;
				CLANG_ANALYZER_NUMBER_OBJECT_CONVERSION = YES_AGGRESSIVE;
				CLANG_CXX_LANGUAGE_STANDARD = "gnu++14";
				CLANG_CXX_LIBRARY = "libc++";
				CLANG_ENABLE_MODULES = YES;
				CLANG_ENABLE_OBJC_ARC = YES;
				CLANG_ENABLE_OBJC_WEAK = YES;
				CLANG_WARN_BLOCK_CAPTURE_AUTORELEASING = YES;
				CLANG_WARN_BOOL_CONVERSION = YES;
				CLANG_WARN_COMMA = YES;
				CLANG_WARN_CONSTANT_CONVERSION = YES;
				CLANG_WARN_DEPRECATED_OBJC_IMPLEMENTATIONS = YES;
				CLANG_WARN_DIRECT_OBJC_ISA_USAGE = YES_ERROR;
				CLANG_WARN_DOCUMENTATION_COMMENTS = YES;
				CLANG_WARN_EMPTY_BODY = YES;
				CLANG_WARN_ENUM_CONVERSION = YES;
				CLANG_WARN_INFINITE_RECURSION = YES;
				CLANG_WARN_INT_CONVERSION = YES;
				CLANG_WARN_NON_LITERAL_NULL_CONVERSION = YES;
				CLANG_WARN_OBJC_IMPLICIT_RETAIN_SELF = YES;
				CLANG_WARN_OBJC_LITERAL_CONVERSION = YES;
				CLANG_WARN_OBJC_ROOT_CLASS = YES_ERROR;
				CLANG_WARN_RANGE_LOOP_ANALYSIS = YES;
				CLANG_WARN_STRICT_PROTOTYPES = YES;
				CLANG_WARN_SUSPICIOUS_MOVE = YES;
				CLANG_WARN_UNGUARDED_AVAILABILITY = YES_AGGRESSIVE;
				CLANG_WARN_UNREACHABLE_CODE = YES;
				CLANG_WARN__DUPLICATE_METHOD_MATCH = YES;
				CODE_SIGN_IDENTITY = "iPhone Developer";
				COPY_PHASE_STRIP = NO;
				DEBUG_INFORMATION_FORMAT = dwarf;
				ENABLE_STRICT_OBJC_MSGSEND = YES;
				ENABLE_TESTABILITY = YES;
				GCC_C_LANGUAGE_STANDARD = gnu11;
				GCC_DYNAMIC_NO_PIC = NO;
				GCC_NO_COMMON_BLOCKS = YES;
				GCC_OPTIMIZATION_LEVEL = 0;
				GCC_PREPROCESSOR_DEFINITIONS = (
					"DEBUG=1",
					"$(inherited)",
				);
				GCC_WARN_64_TO_32_BIT_CONVERSION = YES;
				GCC_WARN_ABOUT_RETURN_TYPE = YES_ERROR;
				GCC_WARN_UNDECLARED_SELECTOR = YES;
				GCC_WARN_UNINITIALIZED_AUTOS = YES_AGGRESSIVE;
				GCC_WARN_UNUSED_FUNCTION = YES;
				GCC_WARN_UNUSED_VARIABLE = YES;
				IPHONEOS_DEPLOYMENT_TARGET = 11.4;
				MTL_ENABLE_DEBUG_INFO = YES;
				ONLY_ACTIVE_ARCH = YES;
				SDKROOT = iphoneos;
				SWIFT_ACTIVE_COMPILATION_CONDITIONS = DEBUG;
				SWIFT_OPTIMIZATION_LEVEL = "-Onone";
			};
			name = Debug;
		};
		A747F81C212BBC50009DCBE0 /* Release */ = {
			isa = XCBuildConfiguration;
			buildSettings = {
				ALWAYS_SEARCH_USER_PATHS = NO;
				CLANG_ANALYZER_NONNULL = YES;
				CLANG_ANALYZER_NUMBER_OBJECT_CONVERSION = YES_AGGRESSIVE;
				CLANG_CXX_LANGUAGE_STANDARD = "gnu++14";
				CLANG_CXX_LIBRARY = "libc++";
				CLANG_ENABLE_MODULES = YES;
				CLANG_ENABLE_OBJC_ARC = YES;
				CLANG_ENABLE_OBJC_WEAK = YES;
				CLANG_WARN_BLOCK_CAPTURE_AUTORELEASING = YES;
				CLANG_WARN_BOOL_CONVERSION = YES;
				CLANG_WARN_COMMA = YES;
				CLANG_WARN_CONSTANT_CONVERSION = YES;
				CLANG_WARN_DEPRECATED_OBJC_IMPLEMENTATIONS = YES;
				CLANG_WARN_DIRECT_OBJC_ISA_USAGE = YES_ERROR;
				CLANG_WARN_DOCUMENTATION_COMMENTS = YES;
				CLANG_WARN_EMPTY_BODY = YES;
				CLANG_WARN_ENUM_CONVERSION = YES;
				CLANG_WARN_INFINITE_RECURSION = YES;
				CLANG_WARN_INT_CONVERSION = YES;
				CLANG_WARN_NON_LITERAL_NULL_CONVERSION = YES;
				CLANG_WARN_OBJC_IMPLICIT_RETAIN_SELF = YES;
				CLANG_WARN_OBJC_LITERAL_CONVERSION = YES;
				CLANG_WARN_OBJC_ROOT_CLASS = YES_ERROR;
				CLANG_WARN_RANGE_LOOP_ANALYSIS = YES;
				CLANG_WARN_STRICT_PROTOTYPES = YES;
				CLANG_WARN_SUSPICIOUS_MOVE = YES;
				CLANG_WARN_UNGUARDED_AVAILABILITY = YES_AGGRESSIVE;
				CLANG_WARN_UNREACHABLE_CODE = YES;
				CLANG_WARN__DUPLICATE_METHOD_MATCH = YES;
				CODE_SIGN_IDENTITY = "iPhone Developer";
				COPY_PHASE_STRIP = NO;
				DEBUG_INFORMATION_FORMAT = "dwarf-with-dsym";
				ENABLE_NS_ASSERTIONS = NO;
				ENABLE_STRICT_OBJC_MSGSEND = YES;
				GCC_C_LANGUAGE_STANDARD = gnu11;
				GCC_NO_COMMON_BLOCKS = YES;
				GCC_WARN_64_TO_32_BIT_CONVERSION = YES;
				GCC_WARN_ABOUT_RETURN_TYPE = YES_ERROR;
				GCC_WARN_UNDECLARED_SELECTOR = YES;
				GCC_WARN_UNINITIALIZED_AUTOS = YES_AGGRESSIVE;
				GCC_WARN_UNUSED_FUNCTION = YES;
				GCC_WARN_UNUSED_VARIABLE = YES;
				IPHONEOS_DEPLOYMENT_TARGET = 11.4;
				MTL_ENABLE_DEBUG_INFO = NO;
				SDKROOT = iphoneos;
				SWIFT_COMPILATION_MODE = wholemodule;
				SWIFT_OPTIMIZATION_LEVEL = "-O";
				VALIDATE_PRODUCT = YES;
			};
			name = Release;
		};
		A747F81E212BBC50009DCBE0 /* Debug */ = {
			isa = XCBuildConfiguration;
			buildSettings = {
				ASSETCATALOG_COMPILER_APPICON_NAME = AppIcon;
				CODE_SIGN_STYLE = Automatic;
				DEVELOPMENT_TEAM = MWSCA3D8N5;
				INFOPLIST_FILE = PruebaConsumoWS/Info.plist;
				LD_RUNPATH_SEARCH_PATHS = (
					"$(inherited)",
					"@executable_path/Frameworks",
				);
				PRODUCT_BUNDLE_IDENTIFIER = com.erickgm.PruebaConsumoWS;
				PRODUCT_NAME = "$(TARGET_NAME)";
				SWIFT_VERSION = 4.0;
				TARGETED_DEVICE_FAMILY = "1,2";
			};
			name = Debug;
		};
		A747F81F212BBC50009DCBE0 /* Release */ = {
			isa = XCBuildConfiguration;
			buildSettings = {
				ASSETCATALOG_COMPILER_APPICON_NAME = AppIcon;
				CODE_SIGN_STYLE = Automatic;
				DEVELOPMENT_TEAM = MWSCA3D8N5;
				INFOPLIST_FILE = PruebaConsumoWS/Info.plist;
				LD_RUNPATH_SEARCH_PATHS = (
					"$(inherited)",
					"@executable_path/Frameworks",
				);
				PRODUCT_BUNDLE_IDENTIFIER = com.erickgm.PruebaConsumoWS;
				PRODUCT_NAME = "$(TARGET_NAME)";
				SWIFT_VERSION = 4.0;
				TARGETED_DEVICE_FAMILY = "1,2";
			};
			name = Release;
		};
/* End XCBuildConfiguration section */

/* Begin XCConfigurationList section */
		A747F806212BBC4C009DCBE0 /* Build configuration list for PBXProject "PruebaConsumoWS" */ = {
			isa = XCConfigurationList;
			buildConfigurations = (
				A747F81B212BBC50009DCBE0 /* Debug */,
				A747F81C212BBC50009DCBE0 /* Release */,
			);
			defaultConfigurationIsVisible = 0;
			defaultConfigurationName = Release;
		};
		A747F81D212BBC50009DCBE0 /* Build configuration list for PBXNativeTarget "PruebaConsumoWS" */ = {
			isa = XCConfigurationList;
			buildConfigurations = (
				A747F81E212BBC50009DCBE0 /* Debug */,
				A747F81F212BBC50009DCBE0 /* Release */,
			);
			defaultConfigurationIsVisible = 0;
			defaultConfigurationName = Release;
		};
/* End XCConfigurationList section */
	};
	rootObject = A747F803212BBC4C009DCBE0 /* Project object */;
}
